
Microsoft Visual Studio Solution File, Format Version 12.00
# Visual Studio Version 17
VisualStudioVersion = 17.3.32901.215
MinimumVisualStudioVersion = 10.0.40219.1
Project("{FAE04EC0-301F-11D3-BF4B-00C04F79EFBC}") = "asp.netloginpage", "Third try login\asp.netloginpage.csproj", "{7D6B3352-B0C6-4225-BEA2-A87836CEF3EB}"
EndProject
Global
	GlobalSection(SolutionConfigurationPlatforms) = preSolution
		Debug|Any CPU = Debug|Any CPU
		Release|Any CPU = Release|Any CPU
	EndGlobalSection
	GlobalSection(ProjectConfigurationPlatforms) = postSolution
		{7D6B3352-B0C6-4225-BEA2-A87836CEF3EB}.Debug|Any CPU.ActiveCfg = Debug|Any CPU
		{7D6B3352-B0C6-4225-BEA2-A87836CEF3EB}.Debug|Any CPU.Build.0 = Debug|Any CPU
		{7D6B3352-B0C6-4225-BEA2-A87836CEF3EB}.Release|Any CPU.ActiveCfg = Release|Any CPU
		{7D6B3352-B0C6-4225-BEA2-A87836CEF3EB}.Release|Any CPU.Build.0 = Release|Any CPU
	EndGlobalSection
	GlobalSection(SolutionProperties) = preSolution
		HideSolutionNode = FALSE
	EndGlobalSection
	GlobalSection(ExtensibilityGlobals) = postSolution
		SolutionGuid = {3F3DA6D3-8413-44F2-B117-B999AE003893}
	EndGlobalSection
EndGlobal
